
Microsoft Visual Studio Solution File, Format Version 12.00
# Visual Studio 15
VisualStudioVersion = 15.0.28010.2016
MinimumVisualStudioVersion = 10.0.40219.1
Project("{FAE04EC0-301F-11D3-BF4B-00C04F79EFBC}") = "wordTOXml", "wordTOXml\wordTOXml.csproj", "{58CE0D85-2868-4A91-9390-3E2B18A25216}"
EndProject
Global
	GlobalSection(SolutionConfigurationPlatforms) = preSolution
		Debug|Any CPU = Debug|Any CPU
		Release|Any CPU = Release|Any CPU
	EndGlobalSection
	GlobalSection(ProjectConfigurationPlatforms) = postSolution
		{58CE0D85-2868-4A91-9390-3E2B18A25216}.Debug|Any CPU.ActiveCfg = Debug|Any CPU
		{58CE0D85-2868-4A91-9390-3E2B18A25216}.Debug|Any CPU.Build.0 = Debug|Any CPU
		{58CE0D85-2868-4A91-9390-3E2B18A25216}.Release|Any CPU.ActiveCfg = Release|Any CPU
		{58CE0D85-2868-4A91-9390-3E2B18A25216}.Release|Any CPU.Build.0 = Release|Any CPU
	EndGlobalSection
	GlobalSection(SolutionProperties) = preSolution
		HideSolutionNode = FALSE
	EndGlobalSection
	GlobalSection(ExtensibilityGlobals) = postSolution
		SolutionGuid = {DBBA54C1-3561-4267-A13F-56FFCA3E7823}
	EndGlobalSection
EndGlobal
